{
  "object": {
    "pins": [
      {
        "package": "Logger",
        "repositoryURL": "https://github.com/lindebrothers/Logger",
        "state": {
          "branch": null,
          "revision": "12a848a21c712fb677aceb34dce3682d5dd78480",
          "version": "0.0.3"
        }
      }
    ]
  },
  "version": 1
}
